Microsoft Visual Studio Solution File, Format Version 11.00
# Visual Studio 2008

Project("{97AB62D3-FFD8-76FC-9AE1-66589B9CDE1B}") = "b33", "Assembly-CSharp-firstpass.csproj", "{E5F18167-4504-85EF-62B5-BF231CBE593F}"
EndProject
Project("{97AB62D3-FFD8-76FC-9AE1-66589B9CDE1B}") = "b33", "Assembly-CSharp.csproj", "{240120AB-9CC2-F476-9D09-E29B8067869B}"
EndProject
Project("{97AB62D3-FFD8-76FC-9AE1-66589B9CDE1B}") = "b33", "Assembly-CSharp-Editor.csproj", "{8E57204B-449C-DEA8-D731-065D114C3186}"
EndProject
Global
	GlobalSection(SolutionConfigurationPlatforms) = preSolution
		Debug|Any CPU = Debug|Any CPU
		Release|Any CPU = Release|Any CPU
	EndGlobalSection
	GlobalSection(ProjectConfigurationPlatforms) = postSolution
		{E5F18167-4504-85EF-62B5-BF231CBE593F}.Debug|Any CPU.ActiveCfg = Debug|Any CPU
		{E5F18167-4504-85EF-62B5-BF231CBE593F}.Debug|Any CPU.Build.0 = Debug|Any CPU
		{E5F18167-4504-85EF-62B5-BF231CBE593F}.Release|Any CPU.ActiveCfg = Release|Any CPU
		{E5F18167-4504-85EF-62B5-BF231CBE593F}.Release|Any CPU.Build.0 = Release|Any CPU
		{240120AB-9CC2-F476-9D09-E29B8067869B}.Debug|Any CPU.ActiveCfg = Debug|Any CPU
		{240120AB-9CC2-F476-9D09-E29B8067869B}.Debug|Any CPU.Build.0 = Debug|Any CPU
		{240120AB-9CC2-F476-9D09-E29B8067869B}.Release|Any CPU.ActiveCfg = Release|Any CPU
		{240120AB-9CC2-F476-9D09-E29B8067869B}.Release|Any CPU.Build.0 = Release|Any CPU
		{8E57204B-449C-DEA8-D731-065D114C3186}.Debug|Any CPU.ActiveCfg = Debug|Any CPU
		{8E57204B-449C-DEA8-D731-065D114C3186}.Debug|Any CPU.Build.0 = Debug|Any CPU
		{8E57204B-449C-DEA8-D731-065D114C3186}.Release|Any CPU.ActiveCfg = Release|Any CPU
		{8E57204B-449C-DEA8-D731-065D114C3186}.Release|Any CPU.Build.0 = Release|Any CPU
	EndGlobalSection
	GlobalSection(SolutionProperties) = preSolution
		HideSolutionNode = FALSE
	EndGlobalSection
	GlobalSection(MonoDevelopProperties) = preSolution
		StartupItem = Assembly-CSharp.csproj
	EndGlobalSection
EndGlobal
